
Microsoft Visual Studio Solution File, Format Version 12.00
# Visual Studio Version 17
VisualStudioVersion = 17.0.32112.339
MinimumVisualStudioVersion = 10.0.40219.1
Project("{FAE04EC0-301F-11D3-BF4B-00C04F79EFBC}") = "PackageThree", "PackageThree.csproj", "{D66E9C39-A0DA-4BCA-A5B3-D1C55AC144E6}"
EndProject
Project("{FAE04EC0-301F-11D3-BF4B-00C04F79EFBC}") = "PackageThree.Interfaces", "..\PackageThree.Interfaces\PackageThree.Interfaces.csproj", "{A2EE5570-FD30-472B-8C90-010BC3EB75EC}"
EndProject
Global
	GlobalSection(SolutionConfigurationPlatforms) = preSolution
		Debug|Any CPU = Debug|Any CPU
		Release|Any CPU = Release|Any CPU
	EndGlobalSection
	GlobalSection(ProjectConfigurationPlatforms) = postSolution
		{D66E9C39-A0DA-4BCA-A5B3-D1C55AC144E6}.Debug|Any CPU.ActiveCfg = Debug|Any CPU
		{D66E9C39-A0DA-4BCA-A5B3-D1C55AC144E6}.Debug|Any CPU.Build.0 = Debug|Any CPU
		{D66E9C39-A0DA-4BCA-A5B3-D1C55AC144E6}.Release|Any CPU.ActiveCfg = Debug|Any CPU
		{D66E9C39-A0DA-4BCA-A5B3-D1C55AC144E6}.Release|Any CPU.Build.0 = Debug|Any CPU
		{A2EE5570-FD30-472B-8C90-010BC3EB75EC}.Debug|Any CPU.ActiveCfg = Debug|Any CPU
		{A2EE5570-FD30-472B-8C90-010BC3EB75EC}.Debug|Any CPU.Build.0 = Debug|Any CPU
		{A2EE5570-FD30-472B-8C90-010BC3EB75EC}.Release|Any CPU.ActiveCfg = Release|Any CPU
		{A2EE5570-FD30-472B-8C90-010BC3EB75EC}.Release|Any CPU.Build.0 = Release|Any CPU
	EndGlobalSection
	GlobalSection(SolutionProperties) = preSolution
		HideSolutionNode = FALSE
	EndGlobalSection
	GlobalSection(ExtensibilityGlobals) = postSolution
		SolutionGuid = {C57E6219-0164-4DE9-B128-F07EBE79F968}
	EndGlobalSection
EndGlobal
